
Microsoft Visual Studio Solution File, Format Version 12.00
# Visual Studio Version 17
VisualStudioVersion = 17.11.35222.181
MinimumVisualStudioVersion = 10.0.40219.1
Project("{FAE04EC0-301F-11D3-BF4B-00C04F79EFBC}") = "FunctionsMenu", "ReverseCheck\FunctionsMenu.csproj", "{A124FFC4-BACE-4597-BDF6-1804909ACC37}"
EndProject
Project("{FAE04EC0-301F-11D3-BF4B-00C04F79EFBC}") = "tresEnRaya", "tresEnRaya\tresEnRaya.csproj", "{A8D8F6C6-1262-499E-A643-65AEDE922ED2}"
EndProject
Project("{FAE04EC0-301F-11D3-BF4B-00C04F79EFBC}") = "tresEnRayaMultidimensional", "tresEnRayaMultidimensional\tresEnRayaMultidimensional.csproj", "{27B69FF1-8D49-437B-BB20-CFAE24FDFE9A}"
EndProject
Project("{FAE04EC0-301F-11D3-BF4B-00C04F79EFBC}") = "tresEnRallaMulti3D", "tresEnRallaMulti3D\tresEnRallaMulti3D.csproj", "{9CCF1040-A822-4474-8D3A-93CC93F42964}"
EndProject
Global
	GlobalSection(SolutionConfigurationPlatforms) = preSolution
		Debug|Any CPU = Debug|Any CPU
		Release|Any CPU = Release|Any CPU
	EndGlobalSection
	GlobalSection(ProjectConfigurationPlatforms) = postSolution
		{A124FFC4-BACE-4597-BDF6-1804909ACC37}.Debug|Any CPU.ActiveCfg = Debug|Any CPU
		{A124FFC4-BACE-4597-BDF6-1804909ACC37}.Debug|Any CPU.Build.0 = Debug|Any CPU
		{A124FFC4-BACE-4597-BDF6-1804909ACC37}.Release|Any CPU.ActiveCfg = Release|Any CPU
		{A124FFC4-BACE-4597-BDF6-1804909ACC37}.Release|Any CPU.Build.0 = Release|Any CPU
		{A8D8F6C6-1262-499E-A643-65AEDE922ED2}.Debug|Any CPU.ActiveCfg = Debug|Any CPU
		{A8D8F6C6-1262-499E-A643-65AEDE922ED2}.Debug|Any CPU.Build.0 = Debug|Any CPU
		{A8D8F6C6-1262-499E-A643-65AEDE922ED2}.Release|Any CPU.ActiveCfg = Release|Any CPU
		{A8D8F6C6-1262-499E-A643-65AEDE922ED2}.Release|Any CPU.Build.0 = Release|Any CPU
		{27B69FF1-8D49-437B-BB20-CFAE24FDFE9A}.Debug|Any CPU.ActiveCfg = Debug|Any CPU
		{27B69FF1-8D49-437B-BB20-CFAE24FDFE9A}.Debug|Any CPU.Build.0 = Debug|Any CPU
		{27B69FF1-8D49-437B-BB20-CFAE24FDFE9A}.Release|Any CPU.ActiveCfg = Release|Any CPU
		{27B69FF1-8D49-437B-BB20-CFAE24FDFE9A}.Release|Any CPU.Build.0 = Release|Any CPU
		{9CCF1040-A822-4474-8D3A-93CC93F42964}.Debug|Any CPU.ActiveCfg = Debug|Any CPU
		{9CCF1040-A822-4474-8D3A-93CC93F42964}.Debug|Any CPU.Build.0 = Debug|Any CPU
		{9CCF1040-A822-4474-8D3A-93CC93F42964}.Release|Any CPU.ActiveCfg = Release|Any CPU
		{9CCF1040-A822-4474-8D3A-93CC93F42964}.Release|Any CPU.Build.0 = Release|Any CPU
	EndGlobalSection
	GlobalSection(SolutionProperties) = preSolution
		HideSolutionNode = FALSE
	EndGlobalSection
	GlobalSection(ExtensibilityGlobals) = postSolution
		SolutionGuid = {D89AEB4D-813F-4A2F-8C77-A7B97B7D567F}
	EndGlobalSection
EndGlobal
