
Microsoft Visual Studio Solution File, Format Version 12.00
# Visual Studio Version 17
VisualStudioVersion = 17.11.35222.181
MinimumVisualStudioVersion = 10.0.40219.1
Project("{FAE04EC0-301F-11D3-BF4B-00C04F79EFBC}") = "FunctionsMenu", "ReverseCheck\FunctionsMenu.csproj", "{A124FFC4-BACE-4597-BDF6-1804909ACC37}"
EndProject
Project("{FAE04EC0-301F-11D3-BF4B-00C04F79EFBC}") = "tresEnRaya", "tresEnRaya\tresEnRaya.csproj", "{A8D8F6C6-1262-499E-A643-65AEDE922ED2}"
EndProject
Project("{FAE04EC0-301F-11D3-BF4B-00C04F79EFBC}") = "tresEnRayaMultidimensional", "tresEnRayaMultidimensional\tresEnRayaMultidimensional.csproj", "{27B69FF1-8D49-437B-BB20-CFAE24FDFE9A}"
EndProject
Project("{FAE04EC0-301F-11D3-BF4B-00C04F79EFBC}") = "tresEnRallaMulti3D", "tresEnRallaMulti3D\tresEnRallaMulti3D.csproj", "{9CCF1040-A822-4474-8D3A-93CC93F42964}"
EndProject
Project("{FAE04EC0-301F-11D3-BF4B-00C04F79EFBC}") = "tresEnRayaRecursion", "tresEnRayaRecursion\tresEnRayaRecursion.csproj", "{569CE5C7-AA15-4EBD-99CE-D32D8F92442C}"
EndProject
Project("{FAE04EC0-301F-11D3-BF4B-00C04F79EFBC}") = "Morse", "Morse\Morse.csproj", "{7E7FD500-693A-4950-A9D3-E6BC2ED29BB3}"
EndProject
Project("{FAE04EC0-301F-11D3-BF4B-00C04F79EFBC}") = "DiaSemana", "DiaSemana\DiaSemana.csproj", "{27F3DB3D-9CEB-48F5-82C2-F23F0B3B6ECC}"
EndProject
Project("{FAE04EC0-301F-11D3-BF4B-00C04F79EFBC}") = "Snake", "Snake\Snake.csproj", "{CDA7D72D-2AA5-4219-BE07-8EA96F9C9516}"
EndProject
Project("{FAE04EC0-301F-11D3-BF4B-00C04F79EFBC}") = "gestorLigaFutbol", "gestorLigaFutbol\gestorLigaFutbol.csproj", "{99D4294C-AFE5-4877-B23F-E5B0797ACAC6}"
EndProject
Project("{FAE04EC0-301F-11D3-BF4B-00C04F79EFBC}") = "CardGame", "CardGame\CardGame.csproj", "{0B5B9426-6937-47BF-BE8F-70012E5B139D}"
EndProject
Project("{FAE04EC0-301F-11D3-BF4B-00C04F79EFBC}") = "Formas", "Formas\Formas.csproj", "{D9EC2ED2-EBF1-4F24-902A-02051CA59B09}"
EndProject
Project("{FAE04EC0-301F-11D3-BF4B-00C04F79EFBC}") = "Hospital", "Hospital\Hospital.csproj", "{C7CE2ED5-7D23-4B90-8D6A-CF7716DD61D3}"
EndProject
Global
	GlobalSection(SolutionConfigurationPlatforms) = preSolution
		Debug|Any CPU = Debug|Any CPU
		Release|Any CPU = Release|Any CPU
	EndGlobalSection
	GlobalSection(ProjectConfigurationPlatforms) = postSolution
		{A124FFC4-BACE-4597-BDF6-1804909ACC37}.Debug|Any CPU.ActiveCfg = Debug|Any CPU
		{A124FFC4-BACE-4597-BDF6-1804909ACC37}.Debug|Any CPU.Build.0 = Debug|Any CPU
		{A124FFC4-BACE-4597-BDF6-1804909ACC37}.Release|Any CPU.ActiveCfg = Release|Any CPU
		{A124FFC4-BACE-4597-BDF6-1804909ACC37}.Release|Any CPU.Build.0 = Release|Any CPU
		{A8D8F6C6-1262-499E-A643-65AEDE922ED2}.Debug|Any CPU.ActiveCfg = Debug|Any CPU
		{A8D8F6C6-1262-499E-A643-65AEDE922ED2}.Debug|Any CPU.Build.0 = Debug|Any CPU
		{A8D8F6C6-1262-499E-A643-65AEDE922ED2}.Release|Any CPU.ActiveCfg = Release|Any CPU
		{A8D8F6C6-1262-499E-A643-65AEDE922ED2}.Release|Any CPU.Build.0 = Release|Any CPU
		{27B69FF1-8D49-437B-BB20-CFAE24FDFE9A}.Debug|Any CPU.ActiveCfg = Debug|Any CPU
		{27B69FF1-8D49-437B-BB20-CFAE24FDFE9A}.Debug|Any CPU.Build.0 = Debug|Any CPU
		{27B69FF1-8D49-437B-BB20-CFAE24FDFE9A}.Release|Any CPU.ActiveCfg = Release|Any CPU
		{27B69FF1-8D49-437B-BB20-CFAE24FDFE9A}.Release|Any CPU.Build.0 = Release|Any CPU
		{9CCF1040-A822-4474-8D3A-93CC93F42964}.Debug|Any CPU.ActiveCfg = Debug|Any CPU
		{9CCF1040-A822-4474-8D3A-93CC93F42964}.Debug|Any CPU.Build.0 = Debug|Any CPU
		{9CCF1040-A822-4474-8D3A-93CC93F42964}.Release|Any CPU.ActiveCfg = Release|Any CPU
		{9CCF1040-A822-4474-8D3A-93CC93F42964}.Release|Any CPU.Build.0 = Release|Any CPU
		{569CE5C7-AA15-4EBD-99CE-D32D8F92442C}.Debug|Any CPU.ActiveCfg = Debug|Any CPU
		{569CE5C7-AA15-4EBD-99CE-D32D8F92442C}.Debug|Any CPU.Build.0 = Debug|Any CPU
		{569CE5C7-AA15-4EBD-99CE-D32D8F92442C}.Release|Any CPU.ActiveCfg = Release|Any CPU
		{569CE5C7-AA15-4EBD-99CE-D32D8F92442C}.Release|Any CPU.Build.0 = Release|Any CPU
		{7E7FD500-693A-4950-A9D3-E6BC2ED29BB3}.Debug|Any CPU.ActiveCfg = Debug|Any CPU
		{7E7FD500-693A-4950-A9D3-E6BC2ED29BB3}.Debug|Any CPU.Build.0 = Debug|Any CPU
		{7E7FD500-693A-4950-A9D3-E6BC2ED29BB3}.Release|Any CPU.ActiveCfg = Release|Any CPU
		{7E7FD500-693A-4950-A9D3-E6BC2ED29BB3}.Release|Any CPU.Build.0 = Release|Any CPU
		{27F3DB3D-9CEB-48F5-82C2-F23F0B3B6ECC}.Debug|Any CPU.ActiveCfg = Debug|Any CPU
		{27F3DB3D-9CEB-48F5-82C2-F23F0B3B6ECC}.Debug|Any CPU.Build.0 = Debug|Any CPU
		{27F3DB3D-9CEB-48F5-82C2-F23F0B3B6ECC}.Release|Any CPU.ActiveCfg = Release|Any CPU
		{27F3DB3D-9CEB-48F5-82C2-F23F0B3B6ECC}.Release|Any CPU.Build.0 = Release|Any CPU
		{CDA7D72D-2AA5-4219-BE07-8EA96F9C9516}.Debug|Any CPU.ActiveCfg = Debug|Any CPU
		{CDA7D72D-2AA5-4219-BE07-8EA96F9C9516}.Debug|Any CPU.Build.0 = Debug|Any CPU
		{CDA7D72D-2AA5-4219-BE07-8EA96F9C9516}.Release|Any CPU.ActiveCfg = Release|Any CPU
		{CDA7D72D-2AA5-4219-BE07-8EA96F9C9516}.Release|Any CPU.Build.0 = Release|Any CPU
		{99D4294C-AFE5-4877-B23F-E5B0797ACAC6}.Debug|Any CPU.ActiveCfg = Debug|Any CPU
		{99D4294C-AFE5-4877-B23F-E5B0797ACAC6}.Debug|Any CPU.Build.0 = Debug|Any CPU
		{99D4294C-AFE5-4877-B23F-E5B0797ACAC6}.Release|Any CPU.ActiveCfg = Release|Any CPU
		{99D4294C-AFE5-4877-B23F-E5B0797ACAC6}.Release|Any CPU.Build.0 = Release|Any CPU
		{0B5B9426-6937-47BF-BE8F-70012E5B139D}.Debug|Any CPU.ActiveCfg = Debug|Any CPU
		{0B5B9426-6937-47BF-BE8F-70012E5B139D}.Debug|Any CPU.Build.0 = Debug|Any CPU
		{0B5B9426-6937-47BF-BE8F-70012E5B139D}.Release|Any CPU.ActiveCfg = Release|Any CPU
		{0B5B9426-6937-47BF-BE8F-70012E5B139D}.Release|Any CPU.Build.0 = Release|Any CPU
		{D9EC2ED2-EBF1-4F24-902A-02051CA59B09}.Debug|Any CPU.ActiveCfg = Debug|Any CPU
		{D9EC2ED2-EBF1-4F24-902A-02051CA59B09}.Debug|Any CPU.Build.0 = Debug|Any CPU
		{D9EC2ED2-EBF1-4F24-902A-02051CA59B09}.Release|Any CPU.ActiveCfg = Release|Any CPU
		{D9EC2ED2-EBF1-4F24-902A-02051CA59B09}.Release|Any CPU.Build.0 = Release|Any CPU
		{C7CE2ED5-7D23-4B90-8D6A-CF7716DD61D3}.Debug|Any CPU.ActiveCfg = Debug|Any CPU
		{C7CE2ED5-7D23-4B90-8D6A-CF7716DD61D3}.Debug|Any CPU.Build.0 = Debug|Any CPU
		{C7CE2ED5-7D23-4B90-8D6A-CF7716DD61D3}.Release|Any CPU.ActiveCfg = Release|Any CPU
		{C7CE2ED5-7D23-4B90-8D6A-CF7716DD61D3}.Release|Any CPU.Build.0 = Release|Any CPU
	EndGlobalSection
	GlobalSection(SolutionProperties) = preSolution
		HideSolutionNode = FALSE
	EndGlobalSection
	GlobalSection(ExtensibilityGlobals) = postSolution
		SolutionGuid = {D89AEB4D-813F-4A2F-8C77-A7B97B7D567F}
	EndGlobalSection
EndGlobal
