
Microsoft Visual Studio Solution File, Format Version 12.00
# Visual Studio Version 17
VisualStudioVersion = 17.11.35222.181
MinimumVisualStudioVersion = 10.0.40219.1
Project("{FAE04EC0-301F-11D3-BF4B-00C04F79EFBC}") = "HospitalForm", "HospitalForm.csproj", "{B41CF57E-4C5A-48FB-ACED-A55228C89BE1}"
EndProject
Global
	GlobalSection(SolutionConfigurationPlatforms) = preSolution
		Debug|Any CPU = Debug|Any CPU
		Release|Any CPU = Release|Any CPU
	EndGlobalSection
	GlobalSection(ProjectConfigurationPlatforms) = postSolution
		{B41CF57E-4C5A-48FB-ACED-A55228C89BE1}.Debug|Any CPU.ActiveCfg = Debug|Any CPU
		{B41CF57E-4C5A-48FB-ACED-A55228C89BE1}.Debug|Any CPU.Build.0 = Debug|Any CPU
		{B41CF57E-4C5A-48FB-ACED-A55228C89BE1}.Release|Any CPU.ActiveCfg = Release|Any CPU
		{B41CF57E-4C5A-48FB-ACED-A55228C89BE1}.Release|Any CPU.Build.0 = Release|Any CPU
	EndGlobalSection
	GlobalSection(SolutionProperties) = preSolution
		HideSolutionNode = FALSE
	EndGlobalSection
	GlobalSection(ExtensibilityGlobals) = postSolution
		SolutionGuid = {A0A80635-5F5E-4416-989E-63F37E979C33}
	EndGlobalSection
EndGlobal
